
Microsoft Visual Studio Solution File, Format Version 12.00
# Visual Studio Version 17
VisualStudioVersion = 17.9.34622.214
MinimumVisualStudioVersion = 10.0.40219.1
Project("{8BC9CEB8-8B4A-11D0-8D11-00A0C91BC942}") = "StaticVariable", "StaticVariable\StaticVariable.vcxproj", "{61DAC934-83A4-4E7A-A40C-7BB5A47913B4}"
EndProject
Project("{8BC9CEB8-8B4A-11D0-8D11-00A0C91BC942}") = "StaticEx2", "StaticEx2\StaticEx2.vcxproj", "{FB191FE0-A753-44AB-AE4A-CEB726A5EE22}"
EndProject
Project("{8BC9CEB8-8B4A-11D0-8D11-00A0C91BC942}") = "ContohConstructor", "ContohConstructor\ContohConstructor.vcxproj", "{BBCB11AA-E14B-489B-B043-869074A0EB84}"
EndProject
Project("{8BC9CEB8-8B4A-11D0-8D11-00A0C91BC942}") = "ContohDestructor", "ContohDestructor\ContohDestructor.vcxproj", "{97B74903-F84E-42D5-90AA-AE1980375AD4}"
EndProject
Project("{8BC9CEB8-8B4A-11D0-8D11-00A0C91BC942}") = "ContohChainFunction", "ContohChainFunction\ContohChainFunction.vcxproj", "{2A92C913-2F3B-4826-9216-82141D8A1652}"
EndProject
Global
	GlobalSection(SolutionConfigurationPlatforms) = preSolution
		Debug|ARM64 = Debug|ARM64
		Debug|x64 = Debug|x64
		Debug|x86 = Debug|x86
		Release|ARM64 = Release|ARM64
		Release|x64 = Release|x64
		Release|x86 = Release|x86
	EndGlobalSection
	GlobalSection(ProjectConfigurationPlatforms) = postSolution
		{61DAC934-83A4-4E7A-A40C-7BB5A47913B4}.Debug|ARM64.ActiveCfg = Debug|ARM64
		{61DAC934-83A4-4E7A-A40C-7BB5A47913B4}.Debug|ARM64.Build.0 = Debug|ARM64
		{61DAC934-83A4-4E7A-A40C-7BB5A47913B4}.Debug|x64.ActiveCfg = Debug|x64
		{61DAC934-83A4-4E7A-A40C-7BB5A47913B4}.Debug|x64.Build.0 = Debug|x64
		{61DAC934-83A4-4E7A-A40C-7BB5A47913B4}.Debug|x86.ActiveCfg = Debug|Win32
		{61DAC934-83A4-4E7A-A40C-7BB5A47913B4}.Debug|x86.Build.0 = Debug|Win32
		{61DAC934-83A4-4E7A-A40C-7BB5A47913B4}.Release|ARM64.ActiveCfg = Release|ARM64
		{61DAC934-83A4-4E7A-A40C-7BB5A47913B4}.Release|ARM64.Build.0 = Release|ARM64
		{61DAC934-83A4-4E7A-A40C-7BB5A47913B4}.Release|x64.ActiveCfg = Release|x64
		{61DAC934-83A4-4E7A-A40C-7BB5A47913B4}.Release|x64.Build.0 = Release|x64
		{61DAC934-83A4-4E7A-A40C-7BB5A47913B4}.Release|x86.ActiveCfg = Release|Win32
		{61DAC934-83A4-4E7A-A40C-7BB5A47913B4}.Release|x86.Build.0 = Release|Win32
		{FB191FE0-A753-44AB-AE4A-CEB726A5EE22}.Debug|ARM64.ActiveCfg = Debug|ARM64
		{FB191FE0-A753-44AB-AE4A-CEB726A5EE22}.Debug|ARM64.Build.0 = Debug|ARM64
		{FB191FE0-A753-44AB-AE4A-CEB726A5EE22}.Debug|x64.ActiveCfg = Debug|x64
		{FB191FE0-A753-44AB-AE4A-CEB726A5EE22}.Debug|x64.Build.0 = Debug|x64
		{FB191FE0-A753-44AB-AE4A-CEB726A5EE22}.Debug|x86.ActiveCfg = Debug|Win32
		{FB191FE0-A753-44AB-AE4A-CEB726A5EE22}.Debug|x86.Build.0 = Debug|Win32
		{FB191FE0-A753-44AB-AE4A-CEB726A5EE22}.Release|ARM64.ActiveCfg = Release|ARM64
		{FB191FE0-A753-44AB-AE4A-CEB726A5EE22}.Release|ARM64.Build.0 = Release|ARM64
		{FB191FE0-A753-44AB-AE4A-CEB726A5EE22}.Release|x64.ActiveCfg = Release|x64
		{FB191FE0-A753-44AB-AE4A-CEB726A5EE22}.Release|x64.Build.0 = Release|x64
		{FB191FE0-A753-44AB-AE4A-CEB726A5EE22}.Release|x86.ActiveCfg = Release|Win32
		{FB191FE0-A753-44AB-AE4A-CEB726A5EE22}.Release|x86.Build.0 = Release|Win32
		{BBCB11AA-E14B-489B-B043-869074A0EB84}.Debug|ARM64.ActiveCfg = Debug|ARM64
		{BBCB11AA-E14B-489B-B043-869074A0EB84}.Debug|ARM64.Build.0 = Debug|ARM64
		{BBCB11AA-E14B-489B-B043-869074A0EB84}.Debug|x64.ActiveCfg = Debug|x64
		{BBCB11AA-E14B-489B-B043-869074A0EB84}.Debug|x64.Build.0 = Debug|x64
		{BBCB11AA-E14B-489B-B043-869074A0EB84}.Debug|x86.ActiveCfg = Debug|Win32
		{BBCB11AA-E14B-489B-B043-869074A0EB84}.Debug|x86.Build.0 = Debug|Win32
		{BBCB11AA-E14B-489B-B043-869074A0EB84}.Release|ARM64.ActiveCfg = Release|ARM64
		{BBCB11AA-E14B-489B-B043-869074A0EB84}.Release|ARM64.Build.0 = Release|ARM64
		{BBCB11AA-E14B-489B-B043-869074A0EB84}.Release|x64.ActiveCfg = Release|x64
		{BBCB11AA-E14B-489B-B043-869074A0EB84}.Release|x64.Build.0 = Release|x64
		{BBCB11AA-E14B-489B-B043-869074A0EB84}.Release|x86.ActiveCfg = Release|Win32
		{BBCB11AA-E14B-489B-B043-869074A0EB84}.Release|x86.Build.0 = Release|Win32
		{97B74903-F84E-42D5-90AA-AE1980375AD4}.Debug|ARM64.ActiveCfg = Debug|ARM64
		{97B74903-F84E-42D5-90AA-AE1980375AD4}.Debug|ARM64.Build.0 = Debug|ARM64
		{97B74903-F84E-42D5-90AA-AE1980375AD4}.Debug|x64.ActiveCfg = Debug|x64
		{97B74903-F84E-42D5-90AA-AE1980375AD4}.Debug|x64.Build.0 = Debug|x64
		{97B74903-F84E-42D5-90AA-AE1980375AD4}.Debug|x86.ActiveCfg = Debug|Win32
		{97B74903-F84E-42D5-90AA-AE1980375AD4}.Debug|x86.Build.0 = Debug|Win32
		{97B74903-F84E-42D5-90AA-AE1980375AD4}.Release|ARM64.ActiveCfg = Release|ARM64
		{97B74903-F84E-42D5-90AA-AE1980375AD4}.Release|ARM64.Build.0 = Release|ARM64
		{97B74903-F84E-42D5-90AA-AE1980375AD4}.Release|x64.ActiveCfg = Release|x64
		{97B74903-F84E-42D5-90AA-AE1980375AD4}.Release|x64.Build.0 = Release|x64
		{97B74903-F84E-42D5-90AA-AE1980375AD4}.Release|x86.ActiveCfg = Release|Win32
		{97B74903-F84E-42D5-90AA-AE1980375AD4}.Release|x86.Build.0 = Release|Win32
		{2A92C913-2F3B-4826-9216-82141D8A1652}.Debug|ARM64.ActiveCfg = Debug|ARM64
		{2A92C913-2F3B-4826-9216-82141D8A1652}.Debug|ARM64.Build.0 = Debug|ARM64
		{2A92C913-2F3B-4826-9216-82141D8A1652}.Debug|x64.ActiveCfg = Debug|x64
		{2A92C913-2F3B-4826-9216-82141D8A1652}.Debug|x64.Build.0 = Debug|x64
		{2A92C913-2F3B-4826-9216-82141D8A1652}.Debug|x86.ActiveCfg = Debug|Win32
		{2A92C913-2F3B-4826-9216-82141D8A1652}.Debug|x86.Build.0 = Debug|Win32
		{2A92C913-2F3B-4826-9216-82141D8A1652}.Release|ARM64.ActiveCfg = Release|ARM64
		{2A92C913-2F3B-4826-9216-82141D8A1652}.Release|ARM64.Build.0 = Release|ARM64
		{2A92C913-2F3B-4826-9216-82141D8A1652}.Release|x64.ActiveCfg = Release|x64
		{2A92C913-2F3B-4826-9216-82141D8A1652}.Release|x64.Build.0 = Release|x64
		{2A92C913-2F3B-4826-9216-82141D8A1652}.Release|x86.ActiveCfg = Release|Win32
		{2A92C913-2F3B-4826-9216-82141D8A1652}.Release|x86.Build.0 = Release|Win32
	EndGlobalSection
	GlobalSection(SolutionProperties) = preSolution
		HideSolutionNode = FALSE
	EndGlobalSection
	GlobalSection(ExtensibilityGlobals) = postSolution
		SolutionGuid = {9B31DB05-22DC-48CB-96BA-AE0C04373E88}
	EndGlobalSection
EndGlobal
